
Microsoft Visual Studio Solution File, Format Version 12.00
# Visual Studio Version 17
VisualStudioVersion = 17.8.34322.80
MinimumVisualStudioVersion = 10.0.40219.1
Project("{FAE04EC0-301F-11D3-BF4B-00C04F79EFBC}") = "holidaymaker", "holidaymaker.csproj", "{F6D093AC-F0BD-4562-B3FC-B452B182EDB9}"
EndProject
Global
	GlobalSection(SolutionConfigurationPlatforms) = preSolution
		Debug|Any CPU = Debug|Any CPU
		Release|Any CPU = Release|Any CPU
	EndGlobalSection
	GlobalSection(ProjectConfigurationPlatforms) = postSolution
		{F6D093AC-F0BD-4562-B3FC-B452B182EDB9}.Debug|Any CPU.ActiveCfg = Debug|Any CPU
		{F6D093AC-F0BD-4562-B3FC-B452B182EDB9}.Debug|Any CPU.Build.0 = Debug|Any CPU
		{F6D093AC-F0BD-4562-B3FC-B452B182EDB9}.Release|Any CPU.ActiveCfg = Release|Any CPU
		{F6D093AC-F0BD-4562-B3FC-B452B182EDB9}.Release|Any CPU.Build.0 = Release|Any CPU
	EndGlobalSection
	GlobalSection(SolutionProperties) = preSolution
		HideSolutionNode = FALSE
	EndGlobalSection
	GlobalSection(ExtensibilityGlobals) = postSolution
		SolutionGuid = {A7FAAE68-C0F7-4E52-97B5-1CE8E83D0F11}
	EndGlobalSection
EndGlobal
